<?xml version="1.0" encoding="utf-8"?>
<Project ToolsVersion="4.0" xmlns="http://schemas.microsoft.com/developer/msbuild/2003">
  <ItemGroup>
    <Filter Include="ソース ファイル">
      <UniqueIdentifier>{4FC737F1-C7A5-4376-A066-2A32D752A2FF}</UniqueIdentifier>
      <Extensions>cpp;c;cc;cxx;def;odl;idl;hpj;bat;asm;asmx</Extensions>
    </Filter>
    <Filter Include="ヘッダー ファイル">
      <UniqueIdentifier>{93995380-89BD-4b04-88EB-625FBE52EBFB}</UniqueIdentifier>
      <Extensions>h;hh;hpp;hxx;hm;inl;inc;xsd</Extensions>
    </Filter>
    <Filter Include="リソース ファイル">
      <UniqueIdentifier>{67DA6AB6-F800-4c08-8B7A-83BB121AAD01}</UniqueIdentifier>
      <Extensions>rc;ico;cur;bmp;dlg;rc2;rct;bin;rgs;gif;jpg;jpeg;jpe;resx;tiff;tif;png;wav;mfcribbon-ms</Extensions>
    </Filter>
    <Filter Include="3D">
      <UniqueIdentifier>{bbc3145f-f35f-49c9-8184-9dba336cb208}</UniqueIdentifier>
    </Filter>
    <Filter Include="Test">
      <UniqueIdentifier>{581c9284-48e7-4909-9973-be98aed4e9c6}</UniqueIdentifier>
    </Filter>
    <Filter Include="Test\Scene">
      <UniqueIdentifier>{65cad721-ee6a-4a9a-a80d-ea6f8f79a40d}</UniqueIdentifier>
    </Filter>
    <Filter Include="Test\TestObj">
      <UniqueIdentifier>{a7dc21af-67c3-47cf-bcd8-bc409c40bc71}</UniqueIdentifier>
    </Filter>
    <Filter Include="2D">
      <UniqueIdentifier>{7d3acdc2-e98c-42ee-b356-ba65e54479c4}</UniqueIdentifier>
    </Filter>
    <Filter Include="Audio">
      <UniqueIdentifier>{82843399-84d5-4f7e-9a50-3f995f3bd48f}</UniqueIdentifier>
    </Filter>
  </ItemGroup>
  <ItemGroup>
    <ClCompile Include="Source\camera.cpp">
      <Filter>ソース ファイル</Filter>
    </ClCompile>
    <ClCompile Include="Source\GraphicsDevice.cpp">
      <Filter>ソース ファイル</Filter>
    </ClCompile>
    <ClCompile Include="Source\SceneManager.cpp">
      <Filter>ソース ファイル</Filter>
    </ClCompile>
    <ClCompile Include="Source\WinMain.cpp">
      <Filter>ソース ファイル</Filter>
    </ClCompile>
    <ClCompile Include="Source\C3DObject.cpp">
      <Filter>3D</Filter>
    </ClCompile>
    <ClCompile Include="Source\test\TestScene.cpp">
      <Filter>Test\Scene</Filter>
    </ClCompile>
    <ClCompile Include="Source\test\TestObj.cpp">
      <Filter>Test\TestObj</Filter>
    </ClCompile>
    <ClCompile Include="Source\C2DObject.cpp">
      <Filter>2D</Filter>
    </ClCompile>
    <ClCompile Include="Source\input.cpp">
      <Filter>ソース ファイル</Filter>
    </ClCompile>
    <ClCompile Include="Source\test\jimen.cpp">
      <Filter>Test\TestObj</Filter>
    </ClCompile>
    <ClCompile Include="Source\test\gazou.cpp">
      <Filter>Test\TestObj</Filter>
    </ClCompile>
    <ClCompile Include="Source\Audio.cpp">
      <Filter>Audio</Filter>
    </ClCompile>
    <ClCompile Include="Source\AABB.cpp">
      <Filter>ソース ファイル</Filter>
    </ClCompile>
    <ClCompile Include="Source\Player.cpp">
      <Filter>ソース ファイル</Filter>
    </ClCompile>
    <ClCompile Include="Source\Scene1.cpp">
      <Filter>ソース ファイル</Filter>
    </ClCompile>
    <ClCompile Include="Source\stage1.cpp">
      <Filter>ソース ファイル</Filter>
    </ClCompile>
    <ClCompile Include="Source\wood.cpp">
      <Filter>ソース ファイル</Filter>
    </ClCompile>
  </ItemGroup>
  <ItemGroup>
    <ClInclude Include="Source\camera.h">
      <Filter>ヘッダー ファイル</Filter>
    </ClInclude>
    <ClInclude Include="Source\DXCommon.h">
      <Filter>ヘッダー ファイル</Filter>
    </ClInclude>
    <ClInclude Include="Source\GraphicsDevice.h">
      <Filter>ヘッダー ファイル</Filter>
    </ClInclude>
    <ClInclude Include="Source\Input.h">
      <Filter>ヘッダー ファイル</Filter>
    </ClInclude>
    <ClInclude Include="Source\SceCommon.h">
      <Filter>ヘッダー ファイル</Filter>
    </ClInclude>
    <ClInclude Include="Source\SceneManager.h">
      <Filter>ヘッダー ファイル</Filter>
    </ClInclude>
    <ClInclude Include="Source\WinMain.h">
      <Filter>ヘッダー ファイル</Filter>
    </ClInclude>
    <ClInclude Include="Source\C3DObject.h">
      <Filter>3D</Filter>
    </ClInclude>
    <ClInclude Include="Source\test\TestScene.h">
      <Filter>Test\Scene</Filter>
    </ClInclude>
    <ClInclude Include="Source\test\TestObj.h">
      <Filter>Test\TestObj</Filter>
    </ClInclude>
    <ClInclude Include="Source\C2DObject.h">
      <Filter>2D</Filter>
    </ClInclude>
    <ClInclude Include="Source\test\jimen.h">
      <Filter>Test\TestObj</Filter>
    </ClInclude>
    <ClInclude Include="Source\test\gazou.h">
      <Filter>Test\TestObj</Filter>
    </ClInclude>
    <ClInclude Include="Source\Audio.h">
      <Filter>Audio</Filter>
    </ClInclude>
    <ClInclude Include="Source\AABB.h">
      <Filter>ヘッダー ファイル</Filter>
    </ClInclude>
    <ClInclude Include="Source\Scene1.h">
      <Filter>ヘッダー ファイル</Filter>
    </ClInclude>
    <ClInclude Include="Source\stage1.h">
      <Filter>ヘッダー ファイル</Filter>
    </ClInclude>
    <ClInclude Include="Source\Player.h">
      <Filter>ヘッダー ファイル</Filter>
    </ClInclude>
    <ClInclude Include="Source\wood.h">
      <Filter>ヘッダー ファイル</Filter>
    </ClInclude>
  </ItemGroup>
</Project>